
Microsoft Visual Studio Solution File, Format Version 12.00
# Visual Studio 14
VisualStudioVersion = 14.0.25420.1
MinimumVisualStudioVersion = 10.0.40219.1
Project("{FAE04EC0-301F-11D3-BF4B-00C04F79EFBC}") = "Service.Bank", "Service.Bank\Service.Bank.csproj", "{9443F212-9C92-4A14-94CA-5FC66FACAA14}"
EndProject
Project("{FAE04EC0-301F-11D3-BF4B-00C04F79EFBC}") = "Service.InterbankTransaction", "Service.InterbankTransaction\Service.InterbankTransaction.csproj", "{06F68D42-CD5B-49D9-B448-F5B4B43C6FFC}"
EndProject
Project("{FAE04EC0-301F-11D3-BF4B-00C04F79EFBC}") = "Core.CQRS", "Core.CQRS\Core.CQRS.csproj", "{DB6F8014-94AF-466B-9AAF-B7632751871B}"
EndProject
Project("{FAE04EC0-301F-11D3-BF4B-00C04F79EFBC}") = "Test.Core.CQRS", "Test.Core.CQRS\Test.Core.CQRS.csproj", "{BC418CBE-475A-4408-9C20-6D4505B6C032}"
EndProject
Project("{FAE04EC0-301F-11D3-BF4B-00C04F79EFBC}") = "Test.Service.InterbankTransaction", "Test.Service.InterbankTransaction\Test.Service.InterbankTransaction.csproj", "{5758FC17-1691-4FF3-B2DE-0E48AC446052}"
EndProject
Project("{FAE04EC0-301F-11D3-BF4B-00C04F79EFBC}") = "Data.Core", "Data.Core\Data.Core.csproj", "{9E811AC8-1601-47D8-AF57-448931FE6AE7}"
EndProject
Project("{FAE04EC0-301F-11D3-BF4B-00C04F79EFBC}") = "Core.Common", "Core.Common\Core.Common.csproj", "{61F89953-804F-4C8C-86A7-22F2DBE9EBE3}"
EndProject
Project("{FAE04EC0-301F-11D3-BF4B-00C04F79EFBC}") = "Test.Core.Common", "Test.Core.Common\Test.Core.Common.csproj", "{7133CB30-AB2C-45F1-B430-913A3D227A12}"
EndProject
Project("{FAE04EC0-301F-11D3-BF4B-00C04F79EFBC}") = "Test.Service.Bank", "Test.Service.Bank\Test.Service.Bank.csproj", "{4EE2F283-B847-4A5E-9D9B-159758434448}"
EndProject
Project("{2150E333-8FDC-42A3-9474-1A3956D46DE8}") = "Client", "Client", "{5B3AFCC3-9796-48A4-8D07-ED932BE43DF3}"
EndProject
Project("{2150E333-8FDC-42A3-9474-1A3956D46DE8}") = "Data Access", "Data Access", "{A4F5B0F6-45C4-4567-AB3F-748ED491CE3B}"
EndProject
Project("{2150E333-8FDC-42A3-9474-1A3956D46DE8}") = "Core", "Core", "{7C030E75-7DCC-4085-B35E-74973EBDAF3E}"
EndProject
Project("{2150E333-8FDC-42A3-9474-1A3956D46DE8}") = "Host", "Host", "{0C6D5135-EE86-47CE-B95F-98B91C63D8B7}"
EndProject
Project("{2150E333-8FDC-42A3-9474-1A3956D46DE8}") = "Tests", "Tests", "{03748CFB-5883-4905-8E56-C104949FD9EF}"
EndProject
Project("{2150E333-8FDC-42A3-9474-1A3956D46DE8}") = "Services", "Services", "{0F54B9D3-0CC9-4BB9-8472-8826F77CE86B}"
EndProject
Project("{FAE04EC0-301F-11D3-BF4B-00C04F79EFBC}") = "Service.UserAccount", "Service.Users\Service.UserAccount.csproj", "{2C758ECB-B4F0-4FD7-9451-04F8291CEAF6}"
EndProject
Project("{FAE04EC0-301F-11D3-BF4B-00C04F79EFBC}") = "Test.Service.UserAccount", "Test.Service.UserAccount\Test.Service.UserAccount.csproj", "{AC464912-57F3-491C-BB5B-3F7AC1B5ACDD}"
EndProject
Project("{FAE04EC0-301F-11D3-BF4B-00C04F79EFBC}") = "Test.Common", "Test.Common\Test.Common.csproj", "{9CE478E0-47B5-4B55-9075-AC79DD8A6EE9}"
EndProject
Project("{FAE04EC0-301F-11D3-BF4B-00C04F79EFBC}") = "Service.Contracts", "Service.Contracts\Service.Contracts.csproj", "{9A63E903-84C0-4FF0-B1D1-D7BD0A0FC0FA}"
EndProject
Project("{FAE04EC0-301F-11D3-BF4B-00C04F79EFBC}") = "Service.Dto", "Service.Dto\Service.Dto.csproj", "{7D5E45DC-E897-484A-BBDD-87714CBC1D37}"
EndProject
Project("{FAE04EC0-301F-11D3-BF4B-00C04F79EFBC}") = "Test.Learning", "Test.Learning\Test.Learning.csproj", "{05B9DA05-ACF3-48BD-BE3D-BB1A80FB2390}"
EndProject
Project("{FAE04EC0-301F-11D3-BF4B-00C04F79EFBC}") = "Host.SelfHosting", "Host.SelfHosting\Host.SelfHosting.csproj", "{1BDD8B89-413F-40D9-A911-DA77B1791C3A}"
EndProject
Global
	GlobalSection(SolutionConfigurationPlatforms) = preSolution
		Debug|Any CPU = Debug|Any CPU
		Release|Any CPU = Release|Any CPU
	EndGlobalSection
	GlobalSection(ProjectConfigurationPlatforms) = postSolution
		{9443F212-9C92-4A14-94CA-5FC66FACAA14}.Debug|Any CPU.ActiveCfg = Debug|Any CPU
		{9443F212-9C92-4A14-94CA-5FC66FACAA14}.Debug|Any CPU.Build.0 = Debug|Any CPU
		{9443F212-9C92-4A14-94CA-5FC66FACAA14}.Release|Any CPU.ActiveCfg = Release|Any CPU
		{9443F212-9C92-4A14-94CA-5FC66FACAA14}.Release|Any CPU.Build.0 = Release|Any CPU
		{06F68D42-CD5B-49D9-B448-F5B4B43C6FFC}.Debug|Any CPU.ActiveCfg = Debug|Any CPU
		{06F68D42-CD5B-49D9-B448-F5B4B43C6FFC}.Debug|Any CPU.Build.0 = Debug|Any CPU
		{06F68D42-CD5B-49D9-B448-F5B4B43C6FFC}.Release|Any CPU.ActiveCfg = Release|Any CPU
		{06F68D42-CD5B-49D9-B448-F5B4B43C6FFC}.Release|Any CPU.Build.0 = Release|Any CPU
		{DB6F8014-94AF-466B-9AAF-B7632751871B}.Debug|Any CPU.ActiveCfg = Debug|Any CPU
		{DB6F8014-94AF-466B-9AAF-B7632751871B}.Debug|Any CPU.Build.0 = Debug|Any CPU
		{DB6F8014-94AF-466B-9AAF-B7632751871B}.Release|Any CPU.ActiveCfg = Release|Any CPU
		{DB6F8014-94AF-466B-9AAF-B7632751871B}.Release|Any CPU.Build.0 = Release|Any CPU
		{BC418CBE-475A-4408-9C20-6D4505B6C032}.Debug|Any CPU.ActiveCfg = Debug|Any CPU
		{BC418CBE-475A-4408-9C20-6D4505B6C032}.Debug|Any CPU.Build.0 = Debug|Any CPU
		{BC418CBE-475A-4408-9C20-6D4505B6C032}.Release|Any CPU.ActiveCfg = Release|Any CPU
		{BC418CBE-475A-4408-9C20-6D4505B6C032}.Release|Any CPU.Build.0 = Release|Any CPU
		{5758FC17-1691-4FF3-B2DE-0E48AC446052}.Debug|Any CPU.ActiveCfg = Debug|Any CPU
		{5758FC17-1691-4FF3-B2DE-0E48AC446052}.Debug|Any CPU.Build.0 = Debug|Any CPU
		{5758FC17-1691-4FF3-B2DE-0E48AC446052}.Release|Any CPU.ActiveCfg = Release|Any CPU
		{5758FC17-1691-4FF3-B2DE-0E48AC446052}.Release|Any CPU.Build.0 = Release|Any CPU
		{9E811AC8-1601-47D8-AF57-448931FE6AE7}.Debug|Any CPU.ActiveCfg = Debug|Any CPU
		{9E811AC8-1601-47D8-AF57-448931FE6AE7}.Debug|Any CPU.Build.0 = Debug|Any CPU
		{9E811AC8-1601-47D8-AF57-448931FE6AE7}.Release|Any CPU.ActiveCfg = Release|Any CPU
		{9E811AC8-1601-47D8-AF57-448931FE6AE7}.Release|Any CPU.Build.0 = Release|Any CPU
		{61F89953-804F-4C8C-86A7-22F2DBE9EBE3}.Debug|Any CPU.ActiveCfg = Debug|Any CPU
		{61F89953-804F-4C8C-86A7-22F2DBE9EBE3}.Debug|Any CPU.Build.0 = Debug|Any CPU
		{61F89953-804F-4C8C-86A7-22F2DBE9EBE3}.Release|Any CPU.ActiveCfg = Release|Any CPU
		{61F89953-804F-4C8C-86A7-22F2DBE9EBE3}.Release|Any CPU.Build.0 = Release|Any CPU
		{7133CB30-AB2C-45F1-B430-913A3D227A12}.Debug|Any CPU.ActiveCfg = Debug|Any CPU
		{7133CB30-AB2C-45F1-B430-913A3D227A12}.Debug|Any CPU.Build.0 = Debug|Any CPU
		{7133CB30-AB2C-45F1-B430-913A3D227A12}.Release|Any CPU.ActiveCfg = Release|Any CPU
		{7133CB30-AB2C-45F1-B430-913A3D227A12}.Release|Any CPU.Build.0 = Release|Any CPU
		{4EE2F283-B847-4A5E-9D9B-159758434448}.Debug|Any CPU.ActiveCfg = Debug|Any CPU
		{4EE2F283-B847-4A5E-9D9B-159758434448}.Debug|Any CPU.Build.0 = Debug|Any CPU
		{4EE2F283-B847-4A5E-9D9B-159758434448}.Release|Any CPU.ActiveCfg = Release|Any CPU
		{4EE2F283-B847-4A5E-9D9B-159758434448}.Release|Any CPU.Build.0 = Release|Any CPU
		{2C758ECB-B4F0-4FD7-9451-04F8291CEAF6}.Debug|Any CPU.ActiveCfg = Debug|Any CPU
		{2C758ECB-B4F0-4FD7-9451-04F8291CEAF6}.Debug|Any CPU.Build.0 = Debug|Any CPU
		{2C758ECB-B4F0-4FD7-9451-04F8291CEAF6}.Release|Any CPU.ActiveCfg = Release|Any CPU
		{2C758ECB-B4F0-4FD7-9451-04F8291CEAF6}.Release|Any CPU.Build.0 = Release|Any CPU
		{AC464912-57F3-491C-BB5B-3F7AC1B5ACDD}.Debug|Any CPU.ActiveCfg = Debug|Any CPU
		{AC464912-57F3-491C-BB5B-3F7AC1B5ACDD}.Debug|Any CPU.Build.0 = Debug|Any CPU
		{AC464912-57F3-491C-BB5B-3F7AC1B5ACDD}.Release|Any CPU.ActiveCfg = Release|Any CPU
		{AC464912-57F3-491C-BB5B-3F7AC1B5ACDD}.Release|Any CPU.Build.0 = Release|Any CPU
		{9CE478E0-47B5-4B55-9075-AC79DD8A6EE9}.Debug|Any CPU.ActiveCfg = Debug|Any CPU
		{9CE478E0-47B5-4B55-9075-AC79DD8A6EE9}.Debug|Any CPU.Build.0 = Debug|Any CPU
		{9CE478E0-47B5-4B55-9075-AC79DD8A6EE9}.Release|Any CPU.ActiveCfg = Release|Any CPU
		{9CE478E0-47B5-4B55-9075-AC79DD8A6EE9}.Release|Any CPU.Build.0 = Release|Any CPU
		{9A63E903-84C0-4FF0-B1D1-D7BD0A0FC0FA}.Debug|Any CPU.ActiveCfg = Debug|Any CPU
		{9A63E903-84C0-4FF0-B1D1-D7BD0A0FC0FA}.Debug|Any CPU.Build.0 = Debug|Any CPU
		{9A63E903-84C0-4FF0-B1D1-D7BD0A0FC0FA}.Release|Any CPU.ActiveCfg = Release|Any CPU
		{9A63E903-84C0-4FF0-B1D1-D7BD0A0FC0FA}.Release|Any CPU.Build.0 = Release|Any CPU
		{7D5E45DC-E897-484A-BBDD-87714CBC1D37}.Debug|Any CPU.ActiveCfg = Debug|Any CPU
		{7D5E45DC-E897-484A-BBDD-87714CBC1D37}.Debug|Any CPU.Build.0 = Debug|Any CPU
		{7D5E45DC-E897-484A-BBDD-87714CBC1D37}.Release|Any CPU.ActiveCfg = Release|Any CPU
		{7D5E45DC-E897-484A-BBDD-87714CBC1D37}.Release|Any CPU.Build.0 = Release|Any CPU
		{05B9DA05-ACF3-48BD-BE3D-BB1A80FB2390}.Debug|Any CPU.ActiveCfg = Debug|Any CPU
		{05B9DA05-ACF3-48BD-BE3D-BB1A80FB2390}.Debug|Any CPU.Build.0 = Debug|Any CPU
		{05B9DA05-ACF3-48BD-BE3D-BB1A80FB2390}.Release|Any CPU.ActiveCfg = Release|Any CPU
		{05B9DA05-ACF3-48BD-BE3D-BB1A80FB2390}.Release|Any CPU.Build.0 = Release|Any CPU
		{1BDD8B89-413F-40D9-A911-DA77B1791C3A}.Debug|Any CPU.ActiveCfg = Debug|Any CPU
		{1BDD8B89-413F-40D9-A911-DA77B1791C3A}.Debug|Any CPU.Build.0 = Debug|Any CPU
		{1BDD8B89-413F-40D9-A911-DA77B1791C3A}.Release|Any CPU.ActiveCfg = Release|Any CPU
		{1BDD8B89-413F-40D9-A911-DA77B1791C3A}.Release|Any CPU.Build.0 = Release|Any CPU
	EndGlobalSection
	GlobalSection(SolutionProperties) = preSolution
		HideSolutionNode = FALSE
	EndGlobalSection
	GlobalSection(NestedProjects) = preSolution
		{9443F212-9C92-4A14-94CA-5FC66FACAA14} = {0F54B9D3-0CC9-4BB9-8472-8826F77CE86B}
		{06F68D42-CD5B-49D9-B448-F5B4B43C6FFC} = {0F54B9D3-0CC9-4BB9-8472-8826F77CE86B}
		{DB6F8014-94AF-466B-9AAF-B7632751871B} = {7C030E75-7DCC-4085-B35E-74973EBDAF3E}
		{BC418CBE-475A-4408-9C20-6D4505B6C032} = {03748CFB-5883-4905-8E56-C104949FD9EF}
		{5758FC17-1691-4FF3-B2DE-0E48AC446052} = {03748CFB-5883-4905-8E56-C104949FD9EF}
		{9E811AC8-1601-47D8-AF57-448931FE6AE7} = {A4F5B0F6-45C4-4567-AB3F-748ED491CE3B}
		{61F89953-804F-4C8C-86A7-22F2DBE9EBE3} = {7C030E75-7DCC-4085-B35E-74973EBDAF3E}
		{7133CB30-AB2C-45F1-B430-913A3D227A12} = {03748CFB-5883-4905-8E56-C104949FD9EF}
		{4EE2F283-B847-4A5E-9D9B-159758434448} = {03748CFB-5883-4905-8E56-C104949FD9EF}
		{2C758ECB-B4F0-4FD7-9451-04F8291CEAF6} = {0F54B9D3-0CC9-4BB9-8472-8826F77CE86B}
		{AC464912-57F3-491C-BB5B-3F7AC1B5ACDD} = {03748CFB-5883-4905-8E56-C104949FD9EF}
		{9CE478E0-47B5-4B55-9075-AC79DD8A6EE9} = {03748CFB-5883-4905-8E56-C104949FD9EF}
		{9A63E903-84C0-4FF0-B1D1-D7BD0A0FC0FA} = {0F54B9D3-0CC9-4BB9-8472-8826F77CE86B}
		{7D5E45DC-E897-484A-BBDD-87714CBC1D37} = {0F54B9D3-0CC9-4BB9-8472-8826F77CE86B}
		{05B9DA05-ACF3-48BD-BE3D-BB1A80FB2390} = {03748CFB-5883-4905-8E56-C104949FD9EF}
		{1BDD8B89-413F-40D9-A911-DA77B1791C3A} = {0C6D5135-EE86-47CE-B95F-98B91C63D8B7}
	EndGlobalSection
EndGlobal
