
Microsoft Visual Studio Solution File, Format Version 12.00
# Visual Studio 14
VisualStudioVersion = 14.0.25420.1
MinimumVisualStudioVersion = 10.0.40219.1
Project("{FAE04EC0-301F-11D3-BF4B-00C04F79EFBC}") = "AccountMangementService", "Account-Mangament-Service\AccountMangmentService\AccountMangementService.csproj", "{9443F212-9C92-4A14-94CA-5FC66FACAA14}"
EndProject
Project("{FAE04EC0-301F-11D3-BF4B-00C04F79EFBC}") = "InterbankTransactionService", "Interbank-Transaction-Service\InterbankTransactionService\InterbankTransactionService.csproj", "{06F68D42-CD5B-49D9-B448-F5B4B43C6FFC}"
EndProject
Project("{FAE04EC0-301F-11D3-BF4B-00C04F79EFBC}") = "AccountMangmentClient", "Account-Managment-Client\AccountMangmentClient\AccountMangmentClient.csproj", "{CD0EDC95-E2E5-4AC1-8C0C-1C9BEC7CF9B5}"
EndProject
Project("{FAE04EC0-301F-11D3-BF4B-00C04F79EFBC}") = "CQRS", "CQRS\CQRS.csproj", "{DB6F8014-94AF-466B-9AAF-B7632751871B}"
EndProject
Project("{FAE04EC0-301F-11D3-BF4B-00C04F79EFBC}") = "CQRSTest", "CQRSTest\CQRSTest.csproj", "{BC418CBE-475A-4408-9C20-6D4505B6C032}"
EndProject
Project("{FAE04EC0-301F-11D3-BF4B-00C04F79EFBC}") = "InterbankTransactionServiceTest", "InterbankTransactionServiceTest\InterbankTransactionServiceTest.csproj", "{5758FC17-1691-4FF3-B2DE-0E48AC446052}"
EndProject
Project("{FAE04EC0-301F-11D3-BF4B-00C04F79EFBC}") = "DataLayer", "DataLayer\DataLayer.csproj", "{9E811AC8-1601-47D8-AF57-448931FE6AE7}"
EndProject
Project("{FAE04EC0-301F-11D3-BF4B-00C04F79EFBC}") = "Shared", "Core\Shared.csproj", "{61F89953-804F-4C8C-86A7-22F2DBE9EBE3}"
EndProject
Project("{FAE04EC0-301F-11D3-BF4B-00C04F79EFBC}") = "SharedTests", "CoreTests\SharedTests.csproj", "{7133CB30-AB2C-45F1-B430-913A3D227A12}"
EndProject
Project("{FAE04EC0-301F-11D3-BF4B-00C04F79EFBC}") = "AccountManagmentServiceTest", "AccountManagmentServiceTest\AccountManagmentServiceTest.csproj", "{4EE2F283-B847-4A5E-9D9B-159758434448}"
EndProject
Global
	GlobalSection(SolutionConfigurationPlatforms) = preSolution
		Debug|Any CPU = Debug|Any CPU
		Release|Any CPU = Release|Any CPU
	EndGlobalSection
	GlobalSection(ProjectConfigurationPlatforms) = postSolution
		{9443F212-9C92-4A14-94CA-5FC66FACAA14}.Debug|Any CPU.ActiveCfg = Debug|Any CPU
		{9443F212-9C92-4A14-94CA-5FC66FACAA14}.Debug|Any CPU.Build.0 = Debug|Any CPU
		{9443F212-9C92-4A14-94CA-5FC66FACAA14}.Release|Any CPU.ActiveCfg = Release|Any CPU
		{9443F212-9C92-4A14-94CA-5FC66FACAA14}.Release|Any CPU.Build.0 = Release|Any CPU
		{06F68D42-CD5B-49D9-B448-F5B4B43C6FFC}.Debug|Any CPU.ActiveCfg = Debug|Any CPU
		{06F68D42-CD5B-49D9-B448-F5B4B43C6FFC}.Debug|Any CPU.Build.0 = Debug|Any CPU
		{06F68D42-CD5B-49D9-B448-F5B4B43C6FFC}.Release|Any CPU.ActiveCfg = Release|Any CPU
		{06F68D42-CD5B-49D9-B448-F5B4B43C6FFC}.Release|Any CPU.Build.0 = Release|Any CPU
		{CD0EDC95-E2E5-4AC1-8C0C-1C9BEC7CF9B5}.Debug|Any CPU.ActiveCfg = Debug|Any CPU
		{CD0EDC95-E2E5-4AC1-8C0C-1C9BEC7CF9B5}.Debug|Any CPU.Build.0 = Debug|Any CPU
		{CD0EDC95-E2E5-4AC1-8C0C-1C9BEC7CF9B5}.Release|Any CPU.ActiveCfg = Release|Any CPU
		{CD0EDC95-E2E5-4AC1-8C0C-1C9BEC7CF9B5}.Release|Any CPU.Build.0 = Release|Any CPU
		{DB6F8014-94AF-466B-9AAF-B7632751871B}.Debug|Any CPU.ActiveCfg = Debug|Any CPU
		{DB6F8014-94AF-466B-9AAF-B7632751871B}.Debug|Any CPU.Build.0 = Debug|Any CPU
		{DB6F8014-94AF-466B-9AAF-B7632751871B}.Release|Any CPU.ActiveCfg = Release|Any CPU
		{DB6F8014-94AF-466B-9AAF-B7632751871B}.Release|Any CPU.Build.0 = Release|Any CPU
		{BC418CBE-475A-4408-9C20-6D4505B6C032}.Debug|Any CPU.ActiveCfg = Debug|Any CPU
		{BC418CBE-475A-4408-9C20-6D4505B6C032}.Debug|Any CPU.Build.0 = Debug|Any CPU
		{BC418CBE-475A-4408-9C20-6D4505B6C032}.Release|Any CPU.ActiveCfg = Release|Any CPU
		{BC418CBE-475A-4408-9C20-6D4505B6C032}.Release|Any CPU.Build.0 = Release|Any CPU
		{5758FC17-1691-4FF3-B2DE-0E48AC446052}.Debug|Any CPU.ActiveCfg = Debug|Any CPU
		{5758FC17-1691-4FF3-B2DE-0E48AC446052}.Debug|Any CPU.Build.0 = Debug|Any CPU
		{5758FC17-1691-4FF3-B2DE-0E48AC446052}.Release|Any CPU.ActiveCfg = Release|Any CPU
		{5758FC17-1691-4FF3-B2DE-0E48AC446052}.Release|Any CPU.Build.0 = Release|Any CPU
		{9E811AC8-1601-47D8-AF57-448931FE6AE7}.Debug|Any CPU.ActiveCfg = Debug|Any CPU
		{9E811AC8-1601-47D8-AF57-448931FE6AE7}.Debug|Any CPU.Build.0 = Debug|Any CPU
		{9E811AC8-1601-47D8-AF57-448931FE6AE7}.Release|Any CPU.ActiveCfg = Release|Any CPU
		{9E811AC8-1601-47D8-AF57-448931FE6AE7}.Release|Any CPU.Build.0 = Release|Any CPU
		{61F89953-804F-4C8C-86A7-22F2DBE9EBE3}.Debug|Any CPU.ActiveCfg = Debug|Any CPU
		{61F89953-804F-4C8C-86A7-22F2DBE9EBE3}.Debug|Any CPU.Build.0 = Debug|Any CPU
		{61F89953-804F-4C8C-86A7-22F2DBE9EBE3}.Release|Any CPU.ActiveCfg = Release|Any CPU
		{61F89953-804F-4C8C-86A7-22F2DBE9EBE3}.Release|Any CPU.Build.0 = Release|Any CPU
		{7133CB30-AB2C-45F1-B430-913A3D227A12}.Debug|Any CPU.ActiveCfg = Debug|Any CPU
		{7133CB30-AB2C-45F1-B430-913A3D227A12}.Debug|Any CPU.Build.0 = Debug|Any CPU
		{7133CB30-AB2C-45F1-B430-913A3D227A12}.Release|Any CPU.ActiveCfg = Release|Any CPU
		{7133CB30-AB2C-45F1-B430-913A3D227A12}.Release|Any CPU.Build.0 = Release|Any CPU
		{4EE2F283-B847-4A5E-9D9B-159758434448}.Debug|Any CPU.ActiveCfg = Debug|Any CPU
		{4EE2F283-B847-4A5E-9D9B-159758434448}.Debug|Any CPU.Build.0 = Debug|Any CPU
		{4EE2F283-B847-4A5E-9D9B-159758434448}.Release|Any CPU.ActiveCfg = Release|Any CPU
		{4EE2F283-B847-4A5E-9D9B-159758434448}.Release|Any CPU.Build.0 = Release|Any CPU
	EndGlobalSection
	GlobalSection(SolutionProperties) = preSolution
		HideSolutionNode = FALSE
	EndGlobalSection
EndGlobal
